PODS:
  - Flutter (1.0.0)
  - permission_handler_apple (9.3.0):
    - Flutter
  - record_darwin (1.0.0):
    - Flutter
    - FlutterMacOS

DEPENDENCIES:
  - Flutter (from `Flutter`)
  - permission_handler_apple (from `.symlinks/plugins/permission_handler_apple/ios`)
  - record_darwin (from `.symlinks/plugins/record_darwin/ios`)

EXTERNAL SOURCES:
  Flutter:
    :path: Flutter
  permission_handler_apple:
    :path: ".symlinks/plugins/permission_handler_apple/ios"
  record_darwin:
    :path: ".symlinks/plugins/record_darwin/ios"

SPEC CHECKSUMS:
  Flutter: e0871f40cf51350855a761d2e70bf5af5b9b5de7
  permission_handler_apple: 036b856153a2b1f61f21030ff725f3e6fece2b78
  record_darwin: 1f6619f2abac4d1ca91d3eeab038c980d76f1517

PODFILE CHECKSUM: 0805b11bfb13bd44fc55fe52946ce14f22a2998e

COCOAPODS: 1.12.0
